{
  "requires": true,
  "lockfileVersion": 1,
  "dependencies": {
    "cordova-plugin-admobpro": {
      "version": "2.49.0",
      "resolved": "https://registry.npmjs.org/cordova-plugin-admobpro/-/cordova-plugin-admobpro-2.49.0.tgz",
      "integrity": "sha512-u517lXjNTuUDRmAhlP/Ay4xx/zIJgZsP+gEAgryV1plSIan7I+kb0lm3kNuuDvvpVexm8QvDO1JHiyh7jN81lg=="
    }
  }
}
